
Microsoft Visual Studio Solution File, Format Version 12.00
# Visual Studio Version 17
VisualStudioVersion = 17.4.33110.190
MinimumVisualStudioVersion = 10.0.40219.1
Project("{FAE04EC0-301F-11D3-BF4B-00C04F79EFBC}") = "chapter8", "chapter7\chapter8.csproj", "{92C730A8-14DA-43A4-856B-B903E17785DD}"
EndProject
Project("{FAE04EC0-301F-11D3-BF4B-00C04F79EFBC}") = "chapter8-2", "chapter8-2\chapter8-2.csproj", "{7AC00BBD-02BF-4FA9-B50F-B0FE06D31DFC}"
EndProject
Project("{FAE04EC0-301F-11D3-BF4B-00C04F79EFBC}") = "chapter9-2", "chapter8-5\chapter9-2.csproj", "{44A7C55C-72DF-43A5-AEF6-271EEA7A4F10}"
EndProject
Project("{FAE04EC0-301F-11D3-BF4B-00C04F79EFBC}") = "chapter10-2", "chapter10-1\chapter10-2.csproj", "{B978F1E2-E3BA-44E1-AABF-A3E7A9BEB541}"
EndProject
Project("{FAE04EC0-301F-11D3-BF4B-00C04F79EFBC}") = "chapter10-9", "chapter10-9\chapter10-9.csproj", "{24E53502-0CDB-4078-A049-F1B904256EFE}"
EndProject
Global
	GlobalSection(SolutionConfigurationPlatforms) = preSolution
		Debug|Any CPU = Debug|Any CPU
		Release|Any CPU = Release|Any CPU
	EndGlobalSection
	GlobalSection(ProjectConfigurationPlatforms) = postSolution
		{92C730A8-14DA-43A4-856B-B903E17785DD}.Debug|Any CPU.ActiveCfg = Debug|Any CPU
		{92C730A8-14DA-43A4-856B-B903E17785DD}.Debug|Any CPU.Build.0 = Debug|Any CPU
		{92C730A8-14DA-43A4-856B-B903E17785DD}.Release|Any CPU.ActiveCfg = Release|Any CPU
		{92C730A8-14DA-43A4-856B-B903E17785DD}.Release|Any CPU.Build.0 = Release|Any CPU
		{7AC00BBD-02BF-4FA9-B50F-B0FE06D31DFC}.Debug|Any CPU.ActiveCfg = Debug|Any CPU
		{7AC00BBD-02BF-4FA9-B50F-B0FE06D31DFC}.Debug|Any CPU.Build.0 = Debug|Any CPU
		{7AC00BBD-02BF-4FA9-B50F-B0FE06D31DFC}.Release|Any CPU.ActiveCfg = Release|Any CPU
		{7AC00BBD-02BF-4FA9-B50F-B0FE06D31DFC}.Release|Any CPU.Build.0 = Release|Any CPU
		{44A7C55C-72DF-43A5-AEF6-271EEA7A4F10}.Debug|Any CPU.ActiveCfg = Debug|Any CPU
		{44A7C55C-72DF-43A5-AEF6-271EEA7A4F10}.Debug|Any CPU.Build.0 = Debug|Any CPU
		{44A7C55C-72DF-43A5-AEF6-271EEA7A4F10}.Release|Any CPU.ActiveCfg = Release|Any CPU
		{44A7C55C-72DF-43A5-AEF6-271EEA7A4F10}.Release|Any CPU.Build.0 = Release|Any CPU
		{B978F1E2-E3BA-44E1-AABF-A3E7A9BEB541}.Debug|Any CPU.ActiveCfg = Debug|Any CPU
		{B978F1E2-E3BA-44E1-AABF-A3E7A9BEB541}.Debug|Any CPU.Build.0 = Debug|Any CPU
		{B978F1E2-E3BA-44E1-AABF-A3E7A9BEB541}.Release|Any CPU.ActiveCfg = Release|Any CPU
		{B978F1E2-E3BA-44E1-AABF-A3E7A9BEB541}.Release|Any CPU.Build.0 = Release|Any CPU
		{24E53502-0CDB-4078-A049-F1B904256EFE}.Debug|Any CPU.ActiveCfg = Debug|Any CPU
		{24E53502-0CDB-4078-A049-F1B904256EFE}.Debug|Any CPU.Build.0 = Debug|Any CPU
		{24E53502-0CDB-4078-A049-F1B904256EFE}.Release|Any CPU.ActiveCfg = Release|Any CPU
		{24E53502-0CDB-4078-A049-F1B904256EFE}.Release|Any CPU.Build.0 = Release|Any CPU
	EndGlobalSection
	GlobalSection(SolutionProperties) = preSolution
		HideSolutionNode = FALSE
	EndGlobalSection
	GlobalSection(ExtensibilityGlobals) = postSolution
		SolutionGuid = {41203AEF-A32E-45C8-A551-0608292278DF}
	EndGlobalSection
EndGlobal
