
Microsoft Visual Studio Solution File, Format Version 12.00
# Visual Studio Version 17
VisualStudioVersion = 17.4.33110.190
MinimumVisualStudioVersion = 10.0.40219.1
Project("{FAE04EC0-301F-11D3-BF4B-00C04F79EFBC}") = "WindowsFormsApp3", "WindowsFormsApp3\WindowsFormsApp3.csproj", "{35C094BF-FA3C-446B-8F26-AFC7225DB346}"
EndProject
Project("{FAE04EC0-301F-11D3-BF4B-00C04F79EFBC}") = "WindowsFormsApp1", "WindowsFormsApp1\WindowsFormsApp1.csproj", "{72333CB8-1B8F-4E8E-9C35-06B418A86B1D}"
EndProject
Project("{FAE04EC0-301F-11D3-BF4B-00C04F79EFBC}") = "WindowsFormsApp2", "WindowsFormsApp2\WindowsFormsApp2.csproj", "{5E0AC796-31EB-457B-89B5-8EB6D2E3D3D6}"
EndProject
Global
	GlobalSection(SolutionConfigurationPlatforms) = preSolution
		Debug|Any CPU = Debug|Any CPU
		Release|Any CPU = Release|Any CPU
	EndGlobalSection
	GlobalSection(ProjectConfigurationPlatforms) = postSolution
		{35C094BF-FA3C-446B-8F26-AFC7225DB346}.Debug|Any CPU.ActiveCfg = Debug|Any CPU
		{35C094BF-FA3C-446B-8F26-AFC7225DB346}.Debug|Any CPU.Build.0 = Debug|Any CPU
		{35C094BF-FA3C-446B-8F26-AFC7225DB346}.Release|Any CPU.ActiveCfg = Release|Any CPU
		{35C094BF-FA3C-446B-8F26-AFC7225DB346}.Release|Any CPU.Build.0 = Release|Any CPU
		{72333CB8-1B8F-4E8E-9C35-06B418A86B1D}.Debug|Any CPU.ActiveCfg = Debug|Any CPU
		{72333CB8-1B8F-4E8E-9C35-06B418A86B1D}.Debug|Any CPU.Build.0 = Debug|Any CPU
		{72333CB8-1B8F-4E8E-9C35-06B418A86B1D}.Release|Any CPU.ActiveCfg = Release|Any CPU
		{72333CB8-1B8F-4E8E-9C35-06B418A86B1D}.Release|Any CPU.Build.0 = Release|Any CPU
		{5E0AC796-31EB-457B-89B5-8EB6D2E3D3D6}.Debug|Any CPU.ActiveCfg = Debug|Any CPU
		{5E0AC796-31EB-457B-89B5-8EB6D2E3D3D6}.Debug|Any CPU.Build.0 = Debug|Any CPU
		{5E0AC796-31EB-457B-89B5-8EB6D2E3D3D6}.Release|Any CPU.ActiveCfg = Release|Any CPU
		{5E0AC796-31EB-457B-89B5-8EB6D2E3D3D6}.Release|Any CPU.Build.0 = Release|Any CPU
	EndGlobalSection
	GlobalSection(SolutionProperties) = preSolution
		HideSolutionNode = FALSE
	EndGlobalSection
	GlobalSection(ExtensibilityGlobals) = postSolution
		SolutionGuid = {DC4B8FD5-435B-43D3-8D22-B51CEBBE6919}
	EndGlobalSection
EndGlobal
