
Microsoft Visual Studio Solution File, Format Version 12.00
# Visual Studio Version 17
VisualStudioVersion = 17.3.32825.248
MinimumVisualStudioVersion = 10.0.40219.1
Project("{FAE04EC0-301F-11D3-BF4B-00C04F79EFBC}") = "ConsoleApp8", "ConsoleApp8\ConsoleApp8.csproj", "{42DA0237-4A33-4DCC-BEFD-092B28484E51}"
EndProject
Global
	GlobalSection(SolutionConfigurationPlatforms) = preSolution
		Debug|Any CPU = Debug|Any CPU
		Release|Any CPU = Release|Any CPU
	EndGlobalSection
	GlobalSection(ProjectConfigurationPlatforms) = postSolution
		{42DA0237-4A33-4DCC-BEFD-092B28484E51}.Debug|Any CPU.ActiveCfg = Debug|Any CPU
		{42DA0237-4A33-4DCC-BEFD-092B28484E51}.Debug|Any CPU.Build.0 = Debug|Any CPU
		{42DA0237-4A33-4DCC-BEFD-092B28484E51}.Release|Any CPU.ActiveCfg = Release|Any CPU
		{42DA0237-4A33-4DCC-BEFD-092B28484E51}.Release|Any CPU.Build.0 = Release|Any CPU
	EndGlobalSection
	GlobalSection(SolutionProperties) = preSolution
		HideSolutionNode = FALSE
	EndGlobalSection
	GlobalSection(ExtensibilityGlobals) = postSolution
		SolutionGuid = {E6B2FEE2-E213-47B5-A6D5-6D801F461631}
	EndGlobalSection
EndGlobal
