
Microsoft Visual Studio Solution File, Format Version 12.00
# Visual Studio Version 17
VisualStudioVersion = 17.3.32825.248
MinimumVisualStudioVersion = 10.0.40219.1
Project("{FAE04EC0-301F-11D3-BF4B-00C04F79EFBC}") = "ConsoleApp7", "ConsoleApp7\ConsoleApp7.csproj", "{448FD8BE-092E-4714-BE26-0AF5574B5306}"
EndProject
Project("{FAE04EC0-301F-11D3-BF4B-00C04F79EFBC}") = "ConsoleApp1", "ConsoleApp1\ConsoleApp1.csproj", "{8406A659-A4C5-4446-9F2B-5192909A7591}"
EndProject
Project("{FAE04EC0-301F-11D3-BF4B-00C04F79EFBC}") = "ConsoleApp2", "ConsoleApp2\ConsoleApp2.csproj", "{0619C923-FD11-4A26-A737-03FFEB9AF972}"
EndProject
Project("{FAE04EC0-301F-11D3-BF4B-00C04F79EFBC}") = "ConsoleApp3", "ConsoleApp3\ConsoleApp3.csproj", "{0B8EBF82-7F13-46C7-8824-A03C3252EFC9}"
EndProject
Project("{FAE04EC0-301F-11D3-BF4B-00C04F79EFBC}") = "ConsoleApp4", "ConsoleApp4\ConsoleApp4.csproj", "{3035C901-7D22-419A-9C15-CD0231C785BE}"
EndProject
Global
	GlobalSection(SolutionConfigurationPlatforms) = preSolution
		Debug|Any CPU = Debug|Any CPU
		Release|Any CPU = Release|Any CPU
	EndGlobalSection
	GlobalSection(ProjectConfigurationPlatforms) = postSolution
		{448FD8BE-092E-4714-BE26-0AF5574B5306}.Debug|Any CPU.ActiveCfg = Debug|Any CPU
		{448FD8BE-092E-4714-BE26-0AF5574B5306}.Debug|Any CPU.Build.0 = Debug|Any CPU
		{448FD8BE-092E-4714-BE26-0AF5574B5306}.Release|Any CPU.ActiveCfg = Release|Any CPU
		{448FD8BE-092E-4714-BE26-0AF5574B5306}.Release|Any CPU.Build.0 = Release|Any CPU
		{8406A659-A4C5-4446-9F2B-5192909A7591}.Debug|Any CPU.ActiveCfg = Debug|Any CPU
		{8406A659-A4C5-4446-9F2B-5192909A7591}.Debug|Any CPU.Build.0 = Debug|Any CPU
		{8406A659-A4C5-4446-9F2B-5192909A7591}.Release|Any CPU.ActiveCfg = Release|Any CPU
		{8406A659-A4C5-4446-9F2B-5192909A7591}.Release|Any CPU.Build.0 = Release|Any CPU
		{0619C923-FD11-4A26-A737-03FFEB9AF972}.Debug|Any CPU.ActiveCfg = Debug|Any CPU
		{0619C923-FD11-4A26-A737-03FFEB9AF972}.Debug|Any CPU.Build.0 = Debug|Any CPU
		{0619C923-FD11-4A26-A737-03FFEB9AF972}.Release|Any CPU.ActiveCfg = Release|Any CPU
		{0619C923-FD11-4A26-A737-03FFEB9AF972}.Release|Any CPU.Build.0 = Release|Any CPU
		{0B8EBF82-7F13-46C7-8824-A03C3252EFC9}.Debug|Any CPU.ActiveCfg = Debug|Any CPU
		{0B8EBF82-7F13-46C7-8824-A03C3252EFC9}.Debug|Any CPU.Build.0 = Debug|Any CPU
		{0B8EBF82-7F13-46C7-8824-A03C3252EFC9}.Release|Any CPU.ActiveCfg = Release|Any CPU
		{0B8EBF82-7F13-46C7-8824-A03C3252EFC9}.Release|Any CPU.Build.0 = Release|Any CPU
		{3035C901-7D22-419A-9C15-CD0231C785BE}.Debug|Any CPU.ActiveCfg = Debug|Any CPU
		{3035C901-7D22-419A-9C15-CD0231C785BE}.Debug|Any CPU.Build.0 = Debug|Any CPU
		{3035C901-7D22-419A-9C15-CD0231C785BE}.Release|Any CPU.ActiveCfg = Release|Any CPU
		{3035C901-7D22-419A-9C15-CD0231C785BE}.Release|Any CPU.Build.0 = Release|Any CPU
	EndGlobalSection
	GlobalSection(SolutionProperties) = preSolution
		HideSolutionNode = FALSE
	EndGlobalSection
	GlobalSection(ExtensibilityGlobals) = postSolution
		SolutionGuid = {6EF30893-60FF-44C5-9437-06EED367E9B2}
	EndGlobalSection
EndGlobal
